// !$*UTF8*$!
{
	archiveVersion = 1;
	classes = {
	};
	objectVersion = 56;
	objects = {

/* Begin PBXBuildFile section */
		AA0000000000000000000020 /* MacTerminalApp.swift in Sources */ = {isa = PBXBuildFile; fileRef = AA0000000000000000000010 /* MacTerminalApp.swift */; };
		AA0000000000000000000021 /* ContentView.swift in Sources */ = {isa = PBXBuildFile; fileRef = AA0000000000000000000011 /* ContentView.swift */; };
		AA0000000000000000000022 /* TerminalView.swift in Sources */ = {isa = PBXBuildFile; fileRef = AA0000000000000000000012 /* TerminalView.swift */; };
		AA0000000000000000000023 /* SidebarView.swift in Sources */ = {isa = PBXBuildFile; fileRef = AA0000000000000000000013 /* SidebarView.swift */; };
		AA0000000000000000000024 /* SSHBookmarkEditView.swift in Sources */ = {isa = PBXBuildFile; fileRef = AA0000000000000000000014 /* SSHBookmarkEditView.swift */; };
		AA0000000000000000000025 /* SSHBookmark.swift in Sources */ = {isa = PBXBuildFile; fileRef = AA0000000000000000000015 /* SSHBookmark.swift */; };
		AA0000000000000000000026 /* SSHBookmarkStore.swift in Sources */ = {isa = PBXBuildFile; fileRef = AA0000000000000000000016 /* SSHBookmarkStore.swift */; };
		AA0000000000000000000027 /* PseudoTerminal.swift in Sources */ = {isa = PBXBuildFile; fileRef = AA0000000000000000000017 /* PseudoTerminal.swift */; };
		AA0000000000000000000029 /* Assets.xcassets in Resources */ = {isa = PBXBuildFile; fileRef = AA0000000000000000000019 /* Assets.xcassets */; };
		AA000000000000000000002A /* TerminalScreen.swift in Sources */ = {isa = PBXBuildFile; fileRef = AA000000000000000000001D /* TerminalScreen.swift */; };
		AA000000000000000000002B /* TerminalTab.swift in Sources */ = {isa = PBXBuildFile; fileRef = AA000000000000000000001E /* TerminalTab.swift */; };
		AA000000000000000000002C /* TabBarView.swift in Sources */ = {isa = PBXBuildFile; fileRef = AA000000000000000000001F /* TabBarView.swift */; };
		AA000000000000000000002F /* WindowManager.swift in Sources */ = {isa = PBXBuildFile; fileRef = AA000000000000000000002D /* WindowManager.swift */; };
		AA0000000000000000000033 /* DetachedWindowContent.swift in Sources */ = {isa = PBXBuildFile; fileRef = AA000000000000000000002E /* DetachedWindowContent.swift */; };
		AA0000000000000000000035 /* SidebarItem.swift in Sources */ = {isa = PBXBuildFile; fileRef = AA0000000000000000000034 /* SidebarItem.swift */; };
		AA0000000000000000000037 /* UpdateChecker.swift in Sources */ = {isa = PBXBuildFile; fileRef = AA0000000000000000000036 /* UpdateChecker.swift */; };
		AA000000000000000000003A /* SplitNode.swift in Sources */ = {isa = PBXBuildFile; fileRef = AA0000000000000000000038 /* SplitNode.swift */; };
		AA000000000000000000003B /* SplitTerminalView.swift in Sources */ = {isa = PBXBuildFile; fileRef = AA0000000000000000000039 /* SplitTerminalView.swift */; };
		AA000000000000000000003E /* CommandItem.swift in Sources */ = {isa = PBXBuildFile; fileRef = AA000000000000000000003C /* CommandItem.swift */; };
		AA000000000000000000003F /* CommandEditView.swift in Sources */ = {isa = PBXBuildFile; fileRef = AA000000000000000000003D /* CommandEditView.swift */; };
		AA0000000000000000000041 /* ThemeManager.swift in Sources */ = {isa = PBXBuildFile; fileRef = AA0000000000000000000042 /* ThemeManager.swift */; };
		AA0000000000000000000044 /* SettingsExporter.swift in Sources */ = {isa = PBXBuildFile; fileRef = AA0000000000000000000043 /* SettingsExporter.swift */; };
/* End PBXBuildFile section */

/* Begin PBXFileReference section */
		AA0000000000000000000010 /* MacTerminalApp.swift */ = {isa = PBXFileReference; lastKnownFileType = sourcecode.swift; path = MacTerminalApp.swift; sourceTree = "<group>"; };
		AA0000000000000000000011 /* ContentView.swift */ = {isa = PBXFileReference; lastKnownFileType = sourcecode.swift; path = ContentView.swift; sourceTree = "<group>"; };
		AA0000000000000000000012 /* TerminalView.swift */ = {isa = PBXFileReference; lastKnownFileType = sourcecode.swift; path = TerminalView.swift; sourceTree = "<group>"; };
		AA0000000000000000000013 /* SidebarView.swift */ = {isa = PBXFileReference; lastKnownFileType = sourcecode.swift; path = SidebarView.swift; sourceTree = "<group>"; };
		AA0000000000000000000014 /* SSHBookmarkEditView.swift */ = {isa = PBXFileReference; lastKnownFileType = sourcecode.swift; path = SSHBookmarkEditView.swift; sourceTree = "<group>"; };
		AA0000000000000000000015 /* SSHBookmark.swift */ = {isa = PBXFileReference; lastKnownFileType = sourcecode.swift; path = SSHBookmark.swift; sourceTree = "<group>"; };
		AA0000000000000000000016 /* SSHBookmarkStore.swift */ = {isa = PBXFileReference; lastKnownFileType = sourcecode.swift; path = SSHBookmarkStore.swift; sourceTree = "<group>"; };
		AA0000000000000000000017 /* PseudoTerminal.swift */ = {isa = PBXFileReference; lastKnownFileType = sourcecode.swift; path = PseudoTerminal.swift; sourceTree = "<group>"; };
		AA0000000000000000000019 /* Assets.xcassets */ = {isa = PBXFileReference; lastKnownFileType = folder.assetcatalog; path = Assets.xcassets; sourceTree = "<group>"; };
		AA000000000000000000001A /* MacTerminal.entitlements */ = {isa = PBXFileReference; lastKnownFileType = text.plist.entitlements; path = MacTerminal.entitlements; sourceTree = "<group>"; };
		AA000000000000000000001B /* MacTerminal.app */ = {isa = PBXFileReference; explicitFileType = wrapper.application; includeInIndex = 0; path = MacTerminal.app; sourceTree = BUILT_PRODUCTS_DIR; };
		AA000000000000000000001C /* BridgingHeader.h */ = {isa = PBXFileReference; lastKnownFileType = sourcecode.c.h; path = BridgingHeader.h; sourceTree = "<group>"; };
		AA000000000000000000001D /* TerminalScreen.swift */ = {isa = PBXFileReference; lastKnownFileType = sourcecode.swift; path = TerminalScreen.swift; sourceTree = "<group>"; };
		AA000000000000000000001E /* TerminalTab.swift */ = {isa = PBXFileReference; lastKnownFileType = sourcecode.swift; path = TerminalTab.swift; sourceTree = "<group>"; };
		AA000000000000000000001F /* TabBarView.swift */ = {isa = PBXFileReference; lastKnownFileType = sourcecode.swift; path = TabBarView.swift; sourceTree = "<group>"; };
		AA000000000000000000002D /* WindowManager.swift */ = {isa = PBXFileReference; lastKnownFileType = sourcecode.swift; path = WindowManager.swift; sourceTree = "<group>"; };
		AA000000000000000000002E /* DetachedWindowContent.swift */ = {isa = PBXFileReference; lastKnownFileType = sourcecode.swift; path = DetachedWindowContent.swift; sourceTree = "<group>"; };
		AA0000000000000000000034 /* SidebarItem.swift */ = {isa = PBXFileReference; lastKnownFileType = sourcecode.swift; path = SidebarItem.swift; sourceTree = "<group>"; };
		AA0000000000000000000036 /* UpdateChecker.swift */ = {isa = PBXFileReference; lastKnownFileType = sourcecode.swift; path = UpdateChecker.swift; sourceTree = "<group>"; };
		AA0000000000000000000038 /* SplitNode.swift */ = {isa = PBXFileReference; lastKnownFileType = sourcecode.swift; path = SplitNode.swift; sourceTree = "<group>"; };
		AA0000000000000000000039 /* SplitTerminalView.swift */ = {isa = PBXFileReference; lastKnownFileType = sourcecode.swift; path = SplitTerminalView.swift; sourceTree = "<group>"; };
		AA000000000000000000003C /* CommandItem.swift */ = {isa = PBXFileReference; lastKnownFileType = sourcecode.swift; path = CommandItem.swift; sourceTree = "<group>"; };
		AA000000000000000000003D /* CommandEditView.swift */ = {isa = PBXFileReference; lastKnownFileType = sourcecode.swift; path = CommandEditView.swift; sourceTree = "<group>"; };
		AA0000000000000000000042 /* ThemeManager.swift */ = {isa = PBXFileReference; lastKnownFileType = sourcecode.swift; path = ThemeManager.swift; sourceTree = "<group>"; };
		AA0000000000000000000043 /* SettingsExporter.swift */ = {isa = PBXFileReference; lastKnownFileType = sourcecode.swift; path = SettingsExporter.swift; sourceTree = "<group>"; };
/* End PBXFileReference section */

/* Begin PBXFrameworksBuildPhase section */
		AA0000000000000000000031 /* Frameworks */ = {
			isa = PBXFrameworksBuildPhase;
			buildActionMask = 2147483647;
			files = (
			);
			runOnlyForDeploymentPostprocessing = 0;
		};
/* End PBXFrameworksBuildPhase section */

/* Begin PBXGroup section */
		AA0000000000000000000001 = {
			isa = PBXGroup;
			children = (
				AA0000000000000000000002 /* MacTerminal */,
				AA0000000000000000000006 /* Products */,
			);
			sourceTree = "<group>";
		};
		AA0000000000000000000002 /* MacTerminal */ = {
			isa = PBXGroup;
			children = (
				AA0000000000000000000010 /* MacTerminalApp.swift */,
				AA0000000000000000000011 /* ContentView.swift */,
				AA000000000000000000001C /* BridgingHeader.h */,
				AA000000000000000000001A /* MacTerminal.entitlements */,
				AA0000000000000000000019 /* Assets.xcassets */,
				AA0000000000000000000003 /* Views */,
				AA0000000000000000000004 /* Models */,
				AA0000000000000000000005 /* Terminal */,
			);
			path = MacTerminal;
			sourceTree = "<group>";
		};
		AA0000000000000000000003 /* Views */ = {
			isa = PBXGroup;
			children = (
				AA0000000000000000000012 /* TerminalView.swift */,
				AA0000000000000000000039 /* SplitTerminalView.swift */,
				AA0000000000000000000013 /* SidebarView.swift */,
				AA0000000000000000000014 /* SSHBookmarkEditView.swift */,
				AA000000000000000000001F /* TabBarView.swift */,
				AA000000000000000000002E /* DetachedWindowContent.swift */,
				AA000000000000000000003D /* CommandEditView.swift */,
			);
			path = Views;
			sourceTree = "<group>";
		};
		AA0000000000000000000004 /* Models */ = {
			isa = PBXGroup;
			children = (
				AA0000000000000000000034 /* SidebarItem.swift */,
				AA0000000000000000000015 /* SSHBookmark.swift */,
				AA0000000000000000000016 /* SSHBookmarkStore.swift */,
				AA0000000000000000000038 /* SplitNode.swift */,
				AA000000000000000000001E /* TerminalTab.swift */,
				AA000000000000000000002D /* WindowManager.swift */,
				AA0000000000000000000036 /* UpdateChecker.swift */,
				AA000000000000000000003C /* CommandItem.swift */,
				AA0000000000000000000042 /* ThemeManager.swift */,
				AA0000000000000000000043 /* SettingsExporter.swift */,
			);
			path = Models;
			sourceTree = "<group>";
		};
		AA0000000000000000000005 /* Terminal */ = {
			isa = PBXGroup;
			children = (
				AA0000000000000000000017 /* PseudoTerminal.swift */,
				AA000000000000000000001D /* TerminalScreen.swift */,
			);
			path = Terminal;
			sourceTree = "<group>";
		};
		AA0000000000000000000006 /* Products */ = {
			isa = PBXGroup;
			children = (
				AA000000000000000000001B /* MacTerminal.app */,
			);
			name = Products;
			sourceTree = "<group>";
		};
/* End PBXGroup section */

/* Begin PBXNativeTarget section */
		AA0000000000000000000040 /* MacTerminal */ = {
			isa = PBXNativeTarget;
			buildConfigurationList = AA0000000000000000000051 /* Build configuration list for PBXNativeTarget "MacTerminal" */;
			buildPhases = (
				AA0000000000000000000030 /* Sources */,
				AA0000000000000000000031 /* Frameworks */,
				AA0000000000000000000032 /* Resources */,
			);
			buildRules = (
			);
			dependencies = (
			);
			name = MacTerminal;
			productName = MacTerminal;
			productReference = AA000000000000000000001B /* MacTerminal.app */;
			productType = "com.apple.product-type.application";
		};
/* End PBXNativeTarget section */

/* Begin PBXProject section */
		AA0000000000000000000070 /* Project object */ = {
			isa = PBXProject;
			attributes = {
				BuildIndependentTargetsInParallel = 1;
				LastSwiftUpdateCheck = 1500;
				LastUpgradeCheck = 2620;
				TargetAttributes = {
					AA0000000000000000000040 = {
						CreatedOnToolsVersion = 15.0;
					};
				};
			};
			buildConfigurationList = AA0000000000000000000050 /* Build configuration list for PBXProject "MacTerminal" */;
			compatibilityVersion = "Xcode 14.0";
			developmentRegion = en;
			hasScannedForEncodings = 0;
			knownRegions = (
				en,
				Base,
			);
			mainGroup = AA0000000000000000000001;
			productRefGroup = AA0000000000000000000006 /* Products */;
			projectDirPath = "";
			projectRoot = "";
			targets = (
				AA0000000000000000000040 /* MacTerminal */,
			);
		};
/* End PBXProject section */

/* Begin PBXResourcesBuildPhase section */
		AA0000000000000000000032 /* Resources */ = {
			isa = PBXResourcesBuildPhase;
			buildActionMask = 2147483647;
			files = (
				AA0000000000000000000029 /* Assets.xcassets in Resources */,
			);
			runOnlyForDeploymentPostprocessing = 0;
		};
/* End PBXResourcesBuildPhase section */

/* Begin PBXSourcesBuildPhase section */
		AA0000000000000000000030 /* Sources */ = {
			isa = PBXSourcesBuildPhase;
			buildActionMask = 2147483647;
			files = (
				AA0000000000000000000020 /* MacTerminalApp.swift in Sources */,
				AA0000000000000000000021 /* ContentView.swift in Sources */,
				AA0000000000000000000022 /* TerminalView.swift in Sources */,
				AA0000000000000000000023 /* SidebarView.swift in Sources */,
				AA0000000000000000000024 /* SSHBookmarkEditView.swift in Sources */,
				AA0000000000000000000025 /* SSHBookmark.swift in Sources */,
				AA0000000000000000000026 /* SSHBookmarkStore.swift in Sources */,
				AA0000000000000000000027 /* PseudoTerminal.swift in Sources */,
				AA000000000000000000002A /* TerminalScreen.swift in Sources */,
				AA000000000000000000002B /* TerminalTab.swift in Sources */,
				AA000000000000000000002C /* TabBarView.swift in Sources */,
				AA000000000000000000002F /* WindowManager.swift in Sources */,
				AA0000000000000000000033 /* DetachedWindowContent.swift in Sources */,
				AA0000000000000000000035 /* SidebarItem.swift in Sources */,
				AA0000000000000000000037 /* UpdateChecker.swift in Sources */,
				AA000000000000000000003A /* SplitNode.swift in Sources */,
				AA000000000000000000003B /* SplitTerminalView.swift in Sources */,
				AA000000000000000000003E /* CommandItem.swift in Sources */,
				AA000000000000000000003F /* CommandEditView.swift in Sources */,
				AA0000000000000000000041 /* ThemeManager.swift in Sources */,
				AA0000000000000000000044 /* SettingsExporter.swift in Sources */,
			);
			runOnlyForDeploymentPostprocessing = 0;
		};
/* End PBXSourcesBuildPhase section */

/* Begin XCBuildConfiguration section */
		AA0000000000000000000060 /* Debug */ = {
			isa = XCBuildConfiguration;
			buildSettings = {
				ALWAYS_SEARCH_USER_PATHS = NO;
				ASSETCATALOG_COMPILER_GENERATE_SWIFT_ASSET_SYMBOL_EXTENSIONS = YES;
				CLANG_ANALYZER_NONNULL = YES;
				CLANG_ANALYZER_NUMBER_OBJECT_CONVERSION = YES_AGGRESSIVE;
				CLANG_CXX_LANGUAGE_STANDARD = "gnu++20";
				CLANG_ENABLE_MODULES = YES;
				CLANG_ENABLE_OBJC_ARC = YES;
				CLANG_ENABLE_OBJC_WEAK = YES;
				CLANG_WARN_BLOCK_CAPTURE_AUTORELEASING = YES;
				CLANG_WARN_BOOL_CONVERSION = YES;
				CLANG_WARN_COMMA = YES;
				CLANG_WARN_CONSTANT_CONVERSION = YES;
				CLANG_WARN_DEPRECATED_OBJC_IMPLEMENTATIONS = YES;
				CLANG_WARN_DIRECT_OBJC_ISA_USAGE = YES_ERROR;
				CLANG_WARN_DOCUMENTATION_COMMENTS = YES;
				CLANG_WARN_EMPTY_BODY = YES;
				CLANG_WARN_ENUM_CONVERSION = YES;
				CLANG_WARN_INFINITE_RECURSION = YES;
				CLANG_WARN_INT_CONVERSION = YES;
				CLANG_WARN_NON_LITERAL_NULL_CONVERSION = YES;
				CLANG_WARN_OBJC_IMPLICIT_RETAIN_SELF = YES;
				CLANG_WARN_OBJC_LITERAL_CONVERSION = YES;
				CLANG_WARN_OBJC_ROOT_CLASS = YES_ERROR;
				CLANG_WARN_QUOTED_INCLUDE_IN_FRAMEWORK_HEADER = YES;
				CLANG_WARN_RANGE_LOOP_ANALYSIS = YES;
				CLANG_WARN_STRICT_PROTOTYPES = YES;
				CLANG_WARN_SUSPICIOUS_MOVE = YES;
				CLANG_WARN_UNGUARDED_AVAILABILITY = YES_AGGRESSIVE;
				CLANG_WARN_UNREACHABLE_CODE = YES;
				CLANG_WARN__DUPLICATE_METHOD_MATCH = YES;
				COPY_PHASE_STRIP = NO;
				DEAD_CODE_STRIPPING = YES;
				DEBUG_INFORMATION_FORMAT = dwarf;
				ENABLE_STRICT_OBJC_MSGSEND = YES;
				ENABLE_TESTABILITY = YES;
				ENABLE_USER_SCRIPT_SANDBOXING = YES;
				GCC_C_LANGUAGE_STANDARD = gnu17;
				GCC_DYNAMIC_NO_PIC = NO;
				GCC_NO_COMMON_BLOCKS = YES;
				GCC_OPTIMIZATION_LEVEL = 0;
				GCC_PREPROCESSOR_DEFINITIONS = (
					"DEBUG=1",
					"$(inherited)",
				);
				GCC_WARN_64_TO_32_BIT_CONVERSION = YES;
				GCC_WARN_ABOUT_RETURN_TYPE = YES_ERROR;
				GCC_WARN_UNDECLARED_SELECTOR = YES;
				GCC_WARN_UNINITIALIZED_AUTOS = YES_AGGRESSIVE;
				GCC_WARN_UNUSED_FUNCTION = YES;
				GCC_WARN_UNUSED_VARIABLE = YES;
				MACOSX_DEPLOYMENT_TARGET = 13.0;
				MTL_ENABLE_DEBUG_INFO = INCLUDE_SOURCE;
				MTL_FAST_MATH = YES;
				ONLY_ACTIVE_ARCH = YES;
				SDKROOT = macosx;
				STRING_CATALOG_GENERATE_SYMBOLS = YES;
				SWIFT_ACTIVE_COMPILATION_CONDITIONS = "DEBUG $(inherited)";
				SWIFT_OPTIMIZATION_LEVEL = "-Onone";
			};
			name = Debug;
		};
		AA0000000000000000000061 /* Release */ = {
			isa = XCBuildConfiguration;
			buildSettings = {
				ALWAYS_SEARCH_USER_PATHS = NO;
				ASSETCATALOG_COMPILER_GENERATE_SWIFT_ASSET_SYMBOL_EXTENSIONS = YES;
				CLANG_ANALYZER_NONNULL = YES;
				CLANG_ANALYZER_NUMBER_OBJECT_CONVERSION = YES_AGGRESSIVE;
				CLANG_CXX_LANGUAGE_STANDARD = "gnu++20";
				CLANG_ENABLE_MODULES = YES;
				CLANG_ENABLE_OBJC_ARC = YES;
				CLANG_ENABLE_OBJC_WEAK = YES;
				CLANG_WARN_BLOCK_CAPTURE_AUTORELEASING = YES;
				CLANG_WARN_BOOL_CONVERSION = YES;
				CLANG_WARN_COMMA = YES;
				CLANG_WARN_CONSTANT_CONVERSION = YES;
				CLANG_WARN_DEPRECATED_OBJC_IMPLEMENTATIONS = YES;
				CLANG_WARN_DIRECT_OBJC_ISA_USAGE = YES_ERROR;
				CLANG_WARN_DOCUMENTATION_COMMENTS = YES;
				CLANG_WARN_EMPTY_BODY = YES;
				CLANG_WARN_ENUM_CONVERSION = YES;
				CLANG_WARN_INFINITE_RECURSION = YES;
				CLANG_WARN_INT_CONVERSION = YES;
				CLANG_WARN_NON_LITERAL_NULL_CONVERSION = YES;
				CLANG_WARN_OBJC_IMPLICIT_RETAIN_SELF = YES;
				CLANG_WARN_OBJC_LITERAL_CONVERSION = YES;
				CLANG_WARN_OBJC_ROOT_CLASS = YES_ERROR;
				CLANG_WARN_QUOTED_INCLUDE_IN_FRAMEWORK_HEADER = YES;
				CLANG_WARN_RANGE_LOOP_ANALYSIS = YES;
				CLANG_WARN_STRICT_PROTOTYPES = YES;
				CLANG_WARN_SUSPICIOUS_MOVE = YES;
				CLANG_WARN_UNGUARDED_AVAILABILITY = YES_AGGRESSIVE;
				CLANG_WARN_UNREACHABLE_CODE = YES;
				CLANG_WARN__DUPLICATE_METHOD_MATCH = YES;
				COPY_PHASE_STRIP = NO;
				DEAD_CODE_STRIPPING = YES;
				DEBUG_INFORMATION_FORMAT = "dwarf-with-dsym";
				ENABLE_NS_ASSERTIONS = NO;
				ENABLE_STRICT_OBJC_MSGSEND = YES;
				ENABLE_USER_SCRIPT_SANDBOXING = YES;
				GCC_C_LANGUAGE_STANDARD = gnu17;
				GCC_NO_COMMON_BLOCKS = YES;
				GCC_WARN_64_TO_32_BIT_CONVERSION = YES;
				GCC_WARN_ABOUT_RETURN_TYPE = YES_ERROR;
				GCC_WARN_UNDECLARED_SELECTOR = YES;
				GCC_WARN_UNINITIALIZED_AUTOS = YES_AGGRESSIVE;
				GCC_WARN_UNUSED_FUNCTION = YES;
				GCC_WARN_UNUSED_VARIABLE = YES;
				MACOSX_DEPLOYMENT_TARGET = 13.0;
				MTL_ENABLE_DEBUG_INFO = NO;
				MTL_FAST_MATH = YES;
				SDKROOT = macosx;
				STRING_CATALOG_GENERATE_SYMBOLS = YES;
				SWIFT_COMPILATION_MODE = wholemodule;
			};
			name = Release;
		};
		AA0000000000000000000062 /* Debug */ = {
			isa = XCBuildConfiguration;
			buildSettings = {
				ASSETCATALOG_COMPILER_APPICON_NAME = AppIcon;
				ASSETCATALOG_COMPILER_GLOBAL_ACCENT_COLOR_NAME = AccentColor;
				CODE_SIGN_ENTITLEMENTS = MacTerminal/MacTerminal.entitlements;
				CODE_SIGN_STYLE = Automatic;
				COMBINE_HIDPI_IMAGES = YES;
				CURRENT_PROJECT_VERSION = 1;
				DEAD_CODE_STRIPPING = YES;
				ENABLE_APP_SANDBOX = NO;
				ENABLE_HARDENED_RUNTIME = NO;
				GENERATE_INFOPLIST_FILE = YES;
				INFOPLIST_KEY_NSHumanReadableCopyright = "";
				INFOPLIST_KEY_NSMainStoryboardFile = "";
				INFOPLIST_KEY_NSPrincipalClass = NSApplication;
				LD_RUNPATH_SEARCH_PATHS = (
					"$(inherited)",
					"@executable_path/../Frameworks",
				);
				MARKETING_VERSION = 1.7;
				PRODUCT_BUNDLE_IDENTIFIER = com.macterminal.app;
				PRODUCT_NAME = "$(TARGET_NAME)";
				SWIFT_EMIT_LOC_STRINGS = YES;
				SWIFT_OBJC_BRIDGING_HEADER = MacTerminal/BridgingHeader.h;
				SWIFT_VERSION = 5.0;
			};
			name = Debug;
		};
		AA0000000000000000000063 /* Release */ = {
			isa = XCBuildConfiguration;
			buildSettings = {
				ASSETCATALOG_COMPILER_APPICON_NAME = AppIcon;
				ASSETCATALOG_COMPILER_GLOBAL_ACCENT_COLOR_NAME = AccentColor;
				CODE_SIGN_ENTITLEMENTS = MacTerminal/MacTerminal.entitlements;
				CODE_SIGN_STYLE = Automatic;
				COMBINE_HIDPI_IMAGES = YES;
				CURRENT_PROJECT_VERSION = 1;
				DEAD_CODE_STRIPPING = YES;
				ENABLE_APP_SANDBOX = NO;
				ENABLE_HARDENED_RUNTIME = NO;
				GENERATE_INFOPLIST_FILE = YES;
				INFOPLIST_KEY_NSHumanReadableCopyright = "";
				INFOPLIST_KEY_NSMainStoryboardFile = "";
				INFOPLIST_KEY_NSPrincipalClass = NSApplication;
				LD_RUNPATH_SEARCH_PATHS = (
					"$(inherited)",
					"@executable_path/../Frameworks",
				);
				MARKETING_VERSION = 1.7;
				PRODUCT_BUNDLE_IDENTIFIER = com.macterminal.app;
				PRODUCT_NAME = "$(TARGET_NAME)";
				SWIFT_EMIT_LOC_STRINGS = YES;
				SWIFT_OBJC_BRIDGING_HEADER = MacTerminal/BridgingHeader.h;
				SWIFT_VERSION = 5.0;
			};
			name = Release;
		};
/* End XCBuildConfiguration section */

/* Begin XCConfigurationList section */
		AA0000000000000000000050 /* Build configuration list for PBXProject "MacTerminal" */ = {
			isa = XCConfigurationList;
			buildConfigurations = (
				AA0000000000000000000060 /* Debug */,
				AA0000000000000000000061 /* Release */,
			);
			defaultConfigurationIsVisible = 0;
			defaultConfigurationName = Release;
		};
		AA0000000000000000000051 /* Build configuration list for PBXNativeTarget "MacTerminal" */ = {
			isa = XCConfigurationList;
			buildConfigurations = (
				AA0000000000000000000062 /* Debug */,
				AA0000000000000000000063 /* Release */,
			);
			defaultConfigurationIsVisible = 0;
			defaultConfigurationName = Release;
		};
/* End XCConfigurationList section */
	};
	rootObject = AA0000000000000000000070 /* Project object */;
}
